version = 1
revision = 2
requires-python = ">=3.8"
resolution-markers = [
    "python_full_version >= '3.9'",
    "python_full_version < '3.9'",
]

[[package]]
name = "debugpy"
version = "1.8.14"
source = { registry = "https://pypi.org/simple" }
sdist = { url = "https://files.pythonhosted.org/packages/bd/75/087fe07d40f490a78782ff3b0a30e3968936854105487decdb33446d4b0e/debugpy-1.8.14.tar.gz", hash = "sha256:7cd287184318416850aa8b60ac90105837bb1e59531898c07569d197d2ed5322", size = 1641444, upload-time = "2025-04-10T19:46:10.981Z" }
wheels = [
    { url = "https://files.pythonhosted.org/packages/fc/df/156df75a41aaebd97cee9d3870fe68f8001b6c1c4ca023e221cfce69bece/debugpy-1.8.14-cp310-cp310-macosx_14_0_x86_64.whl", hash = "sha256:93fee753097e85623cab1c0e6a68c76308cd9f13ffdf44127e6fab4fbf024339", size = 2076510, upload-time = "2025-04-10T19:46:13.315Z" },
    { url = "https://files.pythonhosted.org/packages/69/cd/4fc391607bca0996db5f3658762106e3d2427beaef9bfd363fd370a3c054/debugpy-1.8.14-cp310-cp310-manylinux_2_5_x86_64.manylinux1_x86_64.manylinux_2_17_x86_64.manylinux2014_x86_64.whl", hash = "sha256:3d937d93ae4fa51cdc94d3e865f535f185d5f9748efb41d0d49e33bf3365bd79", size = 3559614, upload-time = "2025-04-10T19:46:14.647Z" },
    { url = "https://files.pythonhosted.org/packages/1a/42/4e6d2b9d63e002db79edfd0cb5656f1c403958915e0e73ab3e9220012eec/debugpy-1.8.14-cp310-cp310-win32.whl", hash = "sha256:c442f20577b38cc7a9aafecffe1094f78f07fb8423c3dddb384e6b8f49fd2987", size = 5208588, upload-time = "2025-04-10T19:46:16.233Z" },
    { url = "https://files.pythonhosted.org/packages/97/b1/cc9e4e5faadc9d00df1a64a3c2d5c5f4b9df28196c39ada06361c5141f89/debugpy-1.8.14-cp310-cp310-win_amd64.whl", hash = "sha256:f117dedda6d969c5c9483e23f573b38f4e39412845c7bc487b6f2648df30fe84", size = 5241043, upload-time = "2025-04-10T19:46:17.768Z" },
    { url = "https://files.pythonhosted.org/packages/67/e8/57fe0c86915671fd6a3d2d8746e40485fd55e8d9e682388fbb3a3d42b86f/debugpy-1.8.14-cp311-cp311-macosx_14_0_universal2.whl", hash = "sha256:1b2ac8c13b2645e0b1eaf30e816404990fbdb168e193322be8f545e8c01644a9", size = 2175064, upload-time = "2025-04-10T19:46:19.486Z" },
    { url = "https://files.pythonhosted.org/packages/3b/97/2b2fd1b1c9569c6764ccdb650a6f752e4ac31be465049563c9eb127a8487/debugpy-1.8.14-cp311-cp311-manylinux_2_5_x86_64.manylinux1_x86_64.manylinux_2_17_x86_64.manylinux2014_x86_64.whl", hash = "sha256:cf431c343a99384ac7eab2f763980724834f933a271e90496944195318c619e2", size = 3132359, upload-time = "2025-04-10T19:46:21.192Z" },
    { url = "https://files.pythonhosted.org/packages/c0/ee/b825c87ed06256ee2a7ed8bab8fb3bb5851293bf9465409fdffc6261c426/debugpy-1.8.14-cp311-cp311-win32.whl", hash = "sha256:c99295c76161ad8d507b413cd33422d7c542889fbb73035889420ac1fad354f2", size = 5133269, upload-time = "2025-04-10T19:46:23.047Z" },
    { url = "https://files.pythonhosted.org/packages/d5/a6/6c70cd15afa43d37839d60f324213843174c1d1e6bb616bd89f7c1341bac/debugpy-1.8.14-cp311-cp311-win_amd64.whl", hash = "sha256:7816acea4a46d7e4e50ad8d09d963a680ecc814ae31cdef3622eb05ccacf7b01", size = 5158156, upload-time = "2025-04-10T19:46:24.521Z" },
    { url = "https://files.pythonhosted.org/packages/d9/2a/ac2df0eda4898f29c46eb6713a5148e6f8b2b389c8ec9e425a4a1d67bf07/debugpy-1.8.14-cp312-cp312-macosx_14_0_universal2.whl", hash = "sha256:8899c17920d089cfa23e6005ad9f22582fd86f144b23acb9feeda59e84405b84", size = 2501268, upload-time = "2025-04-10T19:46:26.044Z" },
    { url = "https://files.pythonhosted.org/packages/10/53/0a0cb5d79dd9f7039169f8bf94a144ad3efa52cc519940b3b7dde23bcb89/debugpy-1.8.14-cp312-cp312-manylinux_2_5_x86_64.manylinux1_x86_64.manylinux_2_17_x86_64.manylinux2014_x86_64.whl", hash = "sha256:f6bb5c0dcf80ad5dbc7b7d6eac484e2af34bdacdf81df09b6a3e62792b722826", size = 4221077, upload-time = "2025-04-10T19:46:27.464Z" },
    { url = "https://files.pythonhosted.org/packages/f8/d5/84e01821f362327bf4828728aa31e907a2eca7c78cd7c6ec062780d249f8/debugpy-1.8.14-cp312-cp312-win32.whl", hash = "sha256:281d44d248a0e1791ad0eafdbbd2912ff0de9eec48022a5bfbc332957487ed3f", size = 5255127, upload-time = "2025-04-10T19:46:29.467Z" },
    { url = "https://files.pythonhosted.org/packages/33/16/1ed929d812c758295cac7f9cf3dab5c73439c83d9091f2d91871e648093e/debugpy-1.8.14-cp312-cp312-win_amd64.whl", hash = "sha256:5aa56ef8538893e4502a7d79047fe39b1dae08d9ae257074c6464a7b290b806f", size = 5297249, upload-time = "2025-04-10T19:46:31.538Z" },
    { url = "https://files.pythonhosted.org/packages/4d/e4/395c792b243f2367d84202dc33689aa3d910fb9826a7491ba20fc9e261f5/debugpy-1.8.14-cp313-cp313-macosx_14_0_universal2.whl", hash = "sha256:329a15d0660ee09fec6786acdb6e0443d595f64f5d096fc3e3ccf09a4259033f", size = 2485676, upload-time = "2025-04-10T19:46:32.96Z" },
    { url = "https://files.pythonhosted.org/packages/ba/f1/6f2ee3f991327ad9e4c2f8b82611a467052a0fb0e247390192580e89f7ff/debugpy-1.8.14-cp313-cp313-manylinux_2_5_x86_64.manylinux1_x86_64.manylinux_2_17_x86_64.manylinux2014_x86_64.whl", hash = "sha256:0f920c7f9af409d90f5fd26e313e119d908b0dd2952c2393cd3247a462331f15", size = 4217514, upload-time = "2025-04-10T19:46:34.336Z" },
    { url = "https://files.pythonhosted.org/packages/79/28/b9d146f8f2dc535c236ee09ad3e5ac899adb39d7a19b49f03ac95d216beb/debugpy-1.8.14-cp313-cp313-win32.whl", hash = "sha256:3784ec6e8600c66cbdd4ca2726c72d8ca781e94bce2f396cc606d458146f8f4e", size = 5254756, upload-time = "2025-04-10T19:46:36.199Z" },
    { url = "https://files.pythonhosted.org/packages/e0/62/a7b4a57013eac4ccaef6977966e6bec5c63906dd25a86e35f155952e29a1/debugpy-1.8.14-cp313-cp313-win_amd64.whl", hash = "sha256:684eaf43c95a3ec39a96f1f5195a7ff3d4144e4a18d69bb66beeb1a6de605d6e", size = 5297119, upload-time = "2025-04-10T19:46:38.141Z" },
    { url = "https://files.pythonhosted.org/packages/c8/8e/08924875dc5f0ae5c15684376256b0ff0507ef920d61a33bd1222619b159/debugpy-1.8.14-cp38-cp38-macosx_14_0_x86_64.whl", hash = "sha256:d5582bcbe42917bc6bbe5c12db1bffdf21f6bfc28d4554b738bf08d50dc0c8c3", size = 2077185, upload-time = "2025-04-10T19:46:39.61Z" },
    { url = "https://files.pythonhosted.org/packages/49/dc/6d7f8e0cce44309d3b5a701bca15a9076d0d02a99df8e629580205e008fb/debugpy-1.8.14-cp38-cp38-manylinux_2_5_x86_64.manylinux1_x86_64.manylinux_2_17_x86_64.manylinux2014_x86_64.whl", hash = "sha256:5349b7c3735b766a281873fbe32ca9cca343d4cc11ba4a743f84cb854339ff35", size = 3631418, upload-time = "2025-04-10T19:46:41.512Z" },
    { url = "https://files.pythonhosted.org/packages/99/a1/39c036ab61c6d87b9e6fba21a851b7fb10d8bbaa60f5558c979496d17037/debugpy-1.8.14-cp38-cp38-win32.whl", hash = "sha256:7118d462fe9724c887d355eef395fae68bc764fd862cdca94e70dcb9ade8a23d", size = 5212840, upload-time = "2025-04-10T19:46:43.073Z" },
    { url = "https://files.pythonhosted.org/packages/f1/8b/675a183a51ebc6ae729b288cc65aa1f686a91a4e9e760bed244f8caa07fd/debugpy-1.8.14-cp38-cp38-win_amd64.whl", hash = "sha256:d235e4fa78af2de4e5609073972700523e372cf5601742449970110d565ca28c", size = 5246434, upload-time = "2025-04-10T19:46:44.934Z" },
    { url = "https://files.pythonhosted.org/packages/85/6f/96ba96545f55b6a675afa08c96b42810de9b18c7ad17446bbec82762127a/debugpy-1.8.14-cp39-cp39-macosx_14_0_x86_64.whl", hash = "sha256:413512d35ff52c2fb0fd2d65e69f373ffd24f0ecb1fac514c04a668599c5ce7f", size = 2077696, upload-time = "2025-04-10T19:46:46.817Z" },
    { url = "https://files.pythonhosted.org/packages/fa/84/f378a2dd837d94de3c85bca14f1db79f8fcad7e20b108b40d59da56a6d22/debugpy-1.8.14-cp39-cp39-manylinux_2_5_x86_64.manylinux1_x86_64.manylinux_2_17_x86_64.manylinux2014_x86_64.whl", hash = "sha256:4c9156f7524a0d70b7a7e22b2e311d8ba76a15496fb00730e46dcdeedb9e1eea", size = 3554846, upload-time = "2025-04-10T19:46:48.72Z" },
    { url = "https://files.pythonhosted.org/packages/db/52/88824fe5d6893f59933f664c6e12783749ab537a2101baf5c713164d8aa2/debugpy-1.8.14-cp39-cp39-win32.whl", hash = "sha256:b44985f97cc3dd9d52c42eb59ee9d7ee0c4e7ecd62bca704891f997de4cef23d", size = 5209350, upload-time = "2025-04-10T19:46:50.284Z" },
    { url = "https://files.pythonhosted.org/packages/41/35/72e9399be24a04cb72cfe1284572c9fcd1d742c7fa23786925c18fa54ad8/debugpy-1.8.14-cp39-cp39-win_amd64.whl", hash = "sha256:b1528cfee6c1b1c698eb10b6b096c598738a8238822d218173d21c3086de8123", size = 5241852, upload-time = "2025-04-10T19:46:52.022Z" },
    { url = "https://files.pythonhosted.org/packages/97/1a/481f33c37ee3ac8040d3d51fc4c4e4e7e61cb08b8bc8971d6032acc2279f/debugpy-1.8.14-py2.py3-none-any.whl", hash = "sha256:5cd9a579d553b6cb9759a7908a41988ee6280b961f24f63336835d9418216a20", size = 5256230, upload-time = "2025-04-10T19:46:54.077Z" },
]

[[package]]
name = "python-100-days"
version = "0.1.0"
source = { virtual = "." }
dependencies = [
    { name = "structlog" },
]

[package.dev-dependencies]
dev = [
    { name = "debugpy" },
]

[package.metadata]
requires-dist = [{ name = "structlog", specifier = ">=25.4.0" }]

[package.metadata.requires-dev]
dev = [{ name = "debugpy", specifier = ">=1.8.14" }]

[[package]]
name = "structlog"
version = "25.4.0"
source = { registry = "https://pypi.org/simple" }
dependencies = [
    { name = "typing-extensions", version = "4.13.2", source = { registry = "https://pypi.org/simple" }, marker = "python_full_version < '3.9'" },
    { name = "typing-extensions", version = "4.14.0", source = { registry = "https://pypi.org/simple" }, marker = "python_full_version >= '3.9' and python_full_version < '3.11'" },
]
sdist = { url = "https://files.pythonhosted.org/packages/79/b9/6e672db4fec07349e7a8a8172c1a6ae235c58679ca29c3f86a61b5e59ff3/structlog-25.4.0.tar.gz", hash = "sha256:186cd1b0a8ae762e29417095664adf1d6a31702160a46dacb7796ea82f7409e4", size = 1369138, upload-time = "2025-06-02T08:21:12.971Z" }
wheels = [
    { url = "https://files.pythonhosted.org/packages/a0/4a/97ee6973e3a73c74c8120d59829c3861ea52210667ec3e7a16045c62b64d/structlog-25.4.0-py3-none-any.whl", hash = "sha256:fe809ff5c27e557d14e613f45ca441aabda051d119ee5a0102aaba6ce40eed2c", size = 68720, upload-time = "2025-06-02T08:21:11.43Z" },
]

[[package]]
name = "typing-extensions"
version = "4.13.2"
source = { registry = "https://pypi.org/simple" }
resolution-markers = [
    "python_full_version < '3.9'",
]
sdist = { url = "https://files.pythonhosted.org/packages/f6/37/23083fcd6e35492953e8d2aaaa68b860eb422b34627b13f2ce3eb6106061/typing_extensions-4.13.2.tar.gz", hash = "sha256:e6c81219bd689f51865d9e372991c540bda33a0379d5573cddb9a3a23f7caaef", size = 106967, upload-time = "2025-04-10T14:19:05.416Z" }
wheels = [
    { url = "https://files.pythonhosted.org/packages/8b/54/b1ae86c0973cc6f0210b53d508ca3641fb6d0c56823f288d108bc7ab3cc8/typing_extensions-4.13.2-py3-none-any.whl", hash = "sha256:a439e7c04b49fec3e5d3e2beaa21755cadbbdc391694e28ccdd36ca4a1408f8c", size = 45806, upload-time = "2025-04-10T14:19:03.967Z" },
]

[[package]]
name = "typing-extensions"
version = "4.14.0"
source = { registry = "https://pypi.org/simple" }
resolution-markers = [
    "python_full_version >= '3.9'",
]
sdist = { url = "https://files.pythonhosted.org/packages/d1/bc/51647cd02527e87d05cb083ccc402f93e441606ff1f01739a62c8ad09ba5/typing_extensions-4.14.0.tar.gz", hash = "sha256:8676b788e32f02ab42d9e7c61324048ae4c6d844a399eebace3d4979d75ceef4", size = 107423, upload-time = "2025-06-02T14:52:11.399Z" }
wheels = [
    { url = "https://files.pythonhosted.org/packages/69/e0/552843e0d356fbb5256d21449fa957fa4eff3bbc135a74a691ee70c7c5da/typing_extensions-4.14.0-py3-none-any.whl", hash = "sha256:a1514509136dd0b477638fc68d6a91497af5076466ad0fa6c338e44e359944af", size = 43839, upload-time = "2025-06-02T14:52:10.026Z" },
]
